{
  "name": "swagular",
  "version": "0.0.4",
  "lockfileVersion": 1,
  "requires": true,
  "dependencies": {
    "@angular/cdk": {
      "version": "11.1.0",
      "resolved": "https://registry.npmjs.org/@angular/cdk/-/cdk-11.1.0.tgz",
      "integrity": "sha512-yFEHtdp0o/xGnYebrU/PQqWVIlB7SaP3cSviq/LTv/h2EINn3PzU/Zhdhg0k0fk09BrKoS+o8AVIddduIdDpYw==",
      "requires": {
        "parse5": "^5.0.0",
        "tslib": "^2.0.0"
      }
    },
    "@angular/flex-layout": {
      "version": "11.0.0-beta.33",
      "resolved": "https://registry.npmjs.org/@angular/flex-layout/-/flex-layout-11.0.0-beta.33.tgz",
      "integrity": "sha512-unfhw3abZuKtdwQicRStHCYGbANPTHYg4WNRQk/RC5Mxq+4WOp4Q8HI7GqRHCGUYDCGUP7w1sU/oDt8f09nM8w==",
      "requires": {
        "tslib": "^2.0.0"
      }
    },
    "@angular/material": {
      "version": "11.1.0",
      "resolved": "https://registry.npmjs.org/@angular/material/-/material-11.1.0.tgz",
      "integrity": "sha512-k7KpU8T32mmi1vaU27SSZ/gwO2YpxEUCTSzAOZNK8YugAXC+A5xPYLcNU8dlzBP4EW7XBkeSSnUacpI199YcyQ==",
      "requires": {
        "tslib": "^2.0.0"
      }
    },
    "@loopback/openapi-v3-types": {
      "version": "1.2.1",
      "resolved": "https://registry.npmjs.org/@loopback/openapi-v3-types/-/openapi-v3-types-1.2.1.tgz",
      "integrity": "sha512-jg+63mKTDgYPGbbHdeEe+J+eXkZDN+bmo2eK0y90aM8O8J5AimlaaIQpuVOJUp/87B4WueOJCFRjXnsv6VV25A==",
      "dev": true,
      "requires": {
        "openapi3-ts": "^1.3.0"
      }
    },
    "@types/argparse": {
      "version": "1.0.38",
      "resolved": "https://registry.npmjs.org/@types/argparse/-/argparse-1.0.38.tgz",
      "integrity": "sha512-ebDJ9b0e702Yr7pWgB0jzm+CX4Srzz8RcXtLJDJB+BSccqMa36uyH/zUsSYao5+BD1ytv3k3rPYCq4mAE1hsXA==",
      "dev": true
    },
    "@types/fs-extra": {
      "version": "8.1.1",
      "resolved": "https://registry.npmjs.org/@types/fs-extra/-/fs-extra-8.1.1.tgz",
      "integrity": "sha512-TcUlBem321DFQzBNuz8p0CLLKp0VvF/XH9E4KHNmgwyp4E3AfgI5cjiIVZWlbfThBop2qxFIh4+LeY6hVWWZ2w==",
      "dev": true,
      "requires": {
        "@types/node": "*"
      }
    },
    "@types/glob": {
      "version": "7.1.3",
      "resolved": "https://registry.npmjs.org/@types/glob/-/glob-7.1.3.tgz",
      "integrity": "sha512-SEYeGAIQIQX8NN6LDKprLjbrd5dARM5EXsd8GI/A5l0apYI1fGMWgPHSe4ZKL4eozlAyI+doUE9XbYS4xCkQ1w==",
      "dev": true,
      "requires": {
        "@types/minimatch": "*",
        "@types/node": "*"
      }
    },
    "@types/jsesc": {
      "version": "0.4.29",
      "resolved": "https://registry.npmjs.org/@types/jsesc/-/jsesc-0.4.29.tgz",
      "integrity": "sha1-2Ntltyd2mWwDhwMGpbBIwmmAz44=",
      "dev": true
    },
    "@types/json-schema": {
      "version": "7.0.7",
      "resolved": "https://registry.npmjs.org/@types/json-schema/-/json-schema-7.0.7.tgz",
      "integrity": "sha512-cxWFQVseBm6O9Gbw1IWb8r6OS4OhSt3hPZLkFApLjM8TEXROBuQGLAH2i2gZpcXdLBIrpXuTDhH7Vbm1iXmNGA==",
      "dev": true
    },
    "@types/lodash": {
      "version": "4.14.168",
      "resolved": "https://registry.npmjs.org/@types/lodash/-/lodash-4.14.168.tgz",
      "integrity": "sha512-oVfRvqHV/V6D1yifJbVRU3TMp8OT6o6BG+U9MkwuJ3U8/CsDHvalRpsxBqivn71ztOFZBTfJMvETbqHiaNSj7Q==",
      "dev": true
    },
    "@types/minimatch": {
      "version": "3.0.3",
      "resolved": "https://registry.npmjs.org/@types/minimatch/-/minimatch-3.0.3.tgz",
      "integrity": "sha512-tHq6qdbT9U1IRSGf14CL0pUlULksvY9OZ+5eEgl1N7t+OA3tGvNpxJCzuKQlsNgCVwbAs670L1vcVQi8j9HjnA==",
      "dev": true
    },
    "@types/mkdirp": {
      "version": "0.5.2",
      "resolved": "https://registry.npmjs.org/@types/mkdirp/-/mkdirp-0.5.2.tgz",
      "integrity": "sha512-U5icWpv7YnZYGsN4/cmh3WD2onMY0aJIiTE6+51TwJCttdHvtCYmkBNOobHlXwrJRL0nkH9jH4kD+1FAdMN4Tg==",
      "dev": true,
      "requires": {
        "@types/node": "*"
      }
    },
    "@types/node": {
      "version": "12.19.15",
      "resolved": "https://registry.npmjs.org/@types/node/-/node-12.19.15.tgz",
      "integrity": "sha512-lowukE3GUI+VSYSu6VcBXl14d61Rp5hA1D+61r16qnwC0lYNSqdxcvRh0pswejorHfS+HgwBasM8jLXz0/aOsw==",
      "dev": true
    },
    "@types/rimraf": {
      "version": "2.0.4",
      "resolved": "https://registry.npmjs.org/@types/rimraf/-/rimraf-2.0.4.tgz",
      "integrity": "sha512-8gBudvllD2A/c0CcEX/BivIDorHFt5UI5m46TsNj8DjWCCTTZT74kEe4g+QsY7P/B9WdO98d82zZgXO/RQzu2Q==",
      "dev": true,
      "requires": {
        "@types/glob": "*",
        "@types/node": "*"
      }
    },
    "ajv": {
      "version": "7.0.3",
      "resolved": "https://registry.npmjs.org/ajv/-/ajv-7.0.3.tgz",
      "integrity": "sha512-R50QRlXSxqXcQP5SvKUrw8VZeypvo12i2IX0EeR5PiZ7bEKeHWgzgo264LDadUsCU42lTJVhFikTqJwNeH34gQ==",
      "requires": {
        "fast-deep-equal": "^3.1.1",
        "json-schema-traverse": "^1.0.0",
        "require-from-string": "^2.0.2",
        "uri-js": "^4.2.2"
      }
    },
    "ajv-formats": {
      "version": "1.5.1",
      "resolved": "https://registry.npmjs.org/ajv-formats/-/ajv-formats-1.5.1.tgz",
      "integrity": "sha512-s1RBVF4HZd2UjGkb6t6uWoXjf6o7j7dXPQIL7vprcIT/67bTD6+5ocsU0UKShS2qWxueGDWuGfKHfOxHWrlTQg==",
      "requires": {
        "ajv": "^7.0.0"
      }
    },
    "angular-typesafe-reactive-forms-helper": {
      "version": "2.0.1",
      "resolved": "https://registry.npmjs.org/angular-typesafe-reactive-forms-helper/-/angular-typesafe-reactive-forms-helper-2.0.1.tgz",
      "integrity": "sha512-fIoYCVP1+4oVAIiM/dInKbNzzjsieKFXsX0OX3SHpl4aOiWrHC68BlZ6ysdxK54PuJjezlZu64FTN1pt50+FjA==",
      "requires": {
        "tslib": "^2.0.0"
      }
    },
    "arg": {
      "version": "4.1.3",
      "resolved": "https://registry.npmjs.org/arg/-/arg-4.1.3.tgz",
      "integrity": "sha512-58S9QDqG0Xx27YwPSt9fJxivjYl432YCwfDMfZ+71RAqUrZef7LrKQZ3LHLOwCS4FLNBplP533Zx895SeOCHvA==",
      "dev": true
    },
    "argparse": {
      "version": "1.0.10",
      "resolved": "https://registry.npmjs.org/argparse/-/argparse-1.0.10.tgz",
      "integrity": "sha512-o5Roy6tNG4SL/FOkCAN6RzjiakZS25RLYFrcMttJqbdd8BWrnA+fGz57iN5Pb06pvBGvl5gQ0B48dJlslXvoTg==",
      "dev": true,
      "requires": {
        "sprintf-js": "~1.0.2"
      }
    },
    "balanced-match": {
      "version": "1.0.0",
      "resolved": "https://registry.npmjs.org/balanced-match/-/balanced-match-1.0.0.tgz",
      "integrity": "sha1-ibTRmasr7kneFk6gK4nORi1xt2c=",
      "dev": true
    },
    "brace-expansion": {
      "version": "1.1.11",
      "resolved": "https://registry.npmjs.org/brace-expansion/-/brace-expansion-1.1.11.tgz",
      "integrity": "sha512-iCuPHDFgrHX7H2vEI/5xpz07zSHB00TpugqhmYtVmMO6518mCuRMoOYFldEBl0g187ufozdaHgWKcYFb61qGiA==",
      "dev": true,
      "requires": {
        "balanced-match": "^1.0.0",
        "concat-map": "0.0.1"
      }
    },
    "buffer-from": {
      "version": "1.1.1",
      "resolved": "https://registry.npmjs.org/buffer-from/-/buffer-from-1.1.1.tgz",
      "integrity": "sha512-MQcXEUbCKtEo7bhqEs6560Hyd4XaovZlO/k9V3hjVUF/zwW7KBVdSK4gIt/bzwS9MbR5qob+F5jusZsb0YQK2A==",
      "dev": true
    },
    "call-me-maybe": {
      "version": "1.0.1",
      "resolved": "https://registry.npmjs.org/call-me-maybe/-/call-me-maybe-1.0.1.tgz",
      "integrity": "sha1-JtII6onje1y95gJQoV8DHBak1ms=",
      "dev": true
    },
    "concat-map": {
      "version": "0.0.1",
      "resolved": "https://registry.npmjs.org/concat-map/-/concat-map-0.0.1.tgz",
      "integrity": "sha1-2Klr13/Wjfd5OnMDajug1UBdR3s=",
      "dev": true
    },
    "diff": {
      "version": "4.0.2",
      "resolved": "https://registry.npmjs.org/diff/-/diff-4.0.2.tgz",
      "integrity": "sha512-58lmxKSA4BNyLz+HHMUzlOEpg09FV+ev6ZMe3vJihgdxzgcwZ8VoEEPmALCZG9LmqfVoNMMKpttIYTVG6uDY7A==",
      "dev": true
    },
    "eol": {
      "version": "0.9.1",
      "resolved": "https://registry.npmjs.org/eol/-/eol-0.9.1.tgz",
      "integrity": "sha512-Ds/TEoZjwggRoz/Q2O7SE3i4Jm66mqTDfmdHdq/7DKVk3bro9Q8h6WdXKdPqFLMoqxrDK5SVRzHVPOS6uuGtrg==",
      "dev": true
    },
    "esm": {
      "version": "3.2.25",
      "resolved": "https://registry.npmjs.org/esm/-/esm-3.2.25.tgz",
      "integrity": "sha512-U1suiZ2oDVWv4zPO56S0NcR5QriEahGtdN2OR6FiOG4WJvcjBVFB0qI4+eKoWFH483PKGuLuu6V8Z4T5g63UVA==",
      "dev": true
    },
    "esprima": {
      "version": "4.0.1",
      "resolved": "https://registry.npmjs.org/esprima/-/esprima-4.0.1.tgz",
      "integrity": "sha512-eGuFFw7Upda+g4p+QHvnW0RyTX/SVeJBDM/gCtMARO0cLuT2HcEKnTPvhjV6aGeqrCB/sbNop0Kszm0jsaWU4A==",
      "dev": true
    },
    "fast-deep-equal": {
      "version": "3.1.3",
      "resolved": "https://registry.npmjs.org/fast-deep-equal/-/fast-deep-equal-3.1.3.tgz",
      "integrity": "sha512-f3qQ9oQy9j2AhBe/H9VC91wLmKBCCU/gDOnKNAYG5hswO7BLKj09Hc5HYNz9cGI++xlpDCIgDaitVs03ATR84Q=="
    },
    "fs-extra": {
      "version": "8.1.0",
      "resolved": "https://registry.npmjs.org/fs-extra/-/fs-extra-8.1.0.tgz",
      "integrity": "sha512-yhlQgA6mnOJUKOsRUFsgJdQCvkKhcz8tlZG5HBQfReYZy46OwLcY+Zia0mtdHsOo9y/hP+CxMN0TU9QxoOtG4g==",
      "dev": true,
      "requires": {
        "graceful-fs": "^4.2.0",
        "jsonfile": "^4.0.0",
        "universalify": "^0.1.0"
      }
    },
    "fs.realpath": {
      "version": "1.0.0",
      "resolved": "https://registry.npmjs.org/fs.realpath/-/fs.realpath-1.0.0.tgz",
      "integrity": "sha1-FQStJSMVjKpA20onh8sBQRmU6k8=",
      "dev": true
    },
    "glob": {
      "version": "7.1.6",
      "resolved": "https://registry.npmjs.org/glob/-/glob-7.1.6.tgz",
      "integrity": "sha512-LwaxwyZ72Lk7vZINtNNrywX0ZuLyStrdDtabefZKAY5ZGJhVtgdznluResxNmPitE0SAO+O26sWTHeKSI2wMBA==",
      "dev": true,
      "requires": {
        "fs.realpath": "^1.0.0",
        "inflight": "^1.0.4",
        "inherits": "2",
        "minimatch": "^3.0.4",
        "once": "^1.3.0",
        "path-is-absolute": "^1.0.0"
      }
    },
    "graceful-fs": {
      "version": "4.2.4",
      "resolved": "https://registry.npmjs.org/graceful-fs/-/graceful-fs-4.2.4.tgz",
      "integrity": "sha512-WjKPNJF79dtJAVniUlGGWHYGz2jWxT6VhN/4m1NdkbZ2nOsEF+cI1Edgql5zCRhs/VsQYRvrXctxktVXZUkixw==",
      "dev": true
    },
    "handlebars": {
      "version": "4.7.6",
      "resolved": "https://registry.npmjs.org/handlebars/-/handlebars-4.7.6.tgz",
      "integrity": "sha512-1f2BACcBfiwAfStCKZNrUCgqNZkGsAT7UM3kkYtXuLo0KnaVfjKOyf7PRzB6++aK9STyT1Pd2ZCPe3EGOXleXA==",
      "dev": true,
      "requires": {
        "minimist": "^1.2.5",
        "neo-async": "^2.6.0",
        "source-map": "^0.6.1",
        "uglify-js": "^3.1.4",
        "wordwrap": "^1.0.0"
      }
    },
    "inflight": {
      "version": "1.0.6",
      "resolved": "https://registry.npmjs.org/inflight/-/inflight-1.0.6.tgz",
      "integrity": "sha1-Sb1jMdfQLQwJvJEKEHW6gWW1bfk=",
      "dev": true,
      "requires": {
        "once": "^1.3.0",
        "wrappy": "1"
      }
    },
    "inherits": {
      "version": "2.0.4",
      "resolved": "https://registry.npmjs.org/inherits/-/inherits-2.0.4.tgz",
      "integrity": "sha512-k/vGaX4/Yla3WzyMCvTQOXYeIHvqOKtnqBduzTHpzpQZzAskKMhZ2K+EnBiSM9zGSoIFeMpXKxa4dYeZIQqewQ==",
      "dev": true
    },
    "js-yaml": {
      "version": "3.14.1",
      "resolved": "https://registry.npmjs.org/js-yaml/-/js-yaml-3.14.1.tgz",
      "integrity": "sha512-okMH7OXXJ7YrN9Ok3/SXrnu4iX9yOk+25nqX4imS2npuvTYDmo/QEZoqwZkYaIDk3jVvBOTOIEgEhaLOynBS9g==",
      "dev": true,
      "requires": {
        "argparse": "^1.0.7",
        "esprima": "^4.0.0"
      }
    },
    "jsesc": {
      "version": "2.5.2",
      "resolved": "https://registry.npmjs.org/jsesc/-/jsesc-2.5.2.tgz",
      "integrity": "sha512-OYu7XEzjkCQ3C5Ps3QIZsQfNpqoJyZZA99wd9aWd05NCtC5pWOkShK2mkL6HXQR6/Cy2lbNdPlZBpuQHXE63gA==",
      "dev": true
    },
    "json-schema": {
      "version": "0.2.5",
      "resolved": "https://registry.npmjs.org/json-schema/-/json-schema-0.2.5.tgz",
      "integrity": "sha512-gWJOWYFrhQ8j7pVm0EM8Slr+EPVq1Phf6lvzvD/WCeqkrx/f2xBI0xOsRRS9xCn3I4vKtP519dvs3TP09r24wQ==",
      "dev": true
    },
    "json-schema-ref-parser": {
      "version": "7.1.4",
      "resolved": "https://registry.npmjs.org/json-schema-ref-parser/-/json-schema-ref-parser-7.1.4.tgz",
      "integrity": "sha512-AD7bvav0vak1/63w3jH8F7eHId/4E4EPdMAEZhGxtjktteUv9dnNB/cJy6nVnMyoTPBJnLwFK6tiQPSTeleCtQ==",
      "dev": true,
      "requires": {
        "call-me-maybe": "^1.0.1",
        "js-yaml": "^3.13.1",
        "ono": "^6.0.0"
      }
    },
    "json-schema-traverse": {
      "version": "1.0.0",
      "resolved": "https://registry.npmjs.org/json-schema-traverse/-/json-schema-traverse-1.0.0.tgz",
      "integrity": "sha512-NM8/P9n3XjXhIZn1lLhkFaACTOURQXjWhV4BA/RnOv8xvgqtqpAX9IO4mRQxSx1Rlo4tqzeqb0sOlruaOy3dug=="
    },
    "jsonfile": {
      "version": "4.0.0",
      "resolved": "https://registry.npmjs.org/jsonfile/-/jsonfile-4.0.0.tgz",
      "integrity": "sha1-h3Gq4HmbZAdrdmQPygWPnBDjPss=",
      "dev": true,
      "requires": {
        "graceful-fs": "^4.1.6"
      }
    },
    "lodash": {
      "version": "4.17.20",
      "resolved": "https://registry.npmjs.org/lodash/-/lodash-4.17.20.tgz",
      "integrity": "sha512-PlhdFcillOINfeV7Ni6oF1TAEayyZBoZ8bcshTHqOYJYlrqzRK5hagpagky5o4HfCzzd1TRkXPMFq6cKk9rGmA==",
      "dev": true
    },
    "lodash-es": {
      "version": "4.17.20",
      "resolved": "https://registry.npmjs.org/lodash-es/-/lodash-es-4.17.20.tgz",
      "integrity": "sha512-JD1COMZsq8maT6mnuz1UMV0jvYD0E0aUsSOdrr1/nAG3dhqQXwRRgeW0cSqH1U43INKcqxaiVIQNOUDld7gRDA=="
    },
    "make-error": {
      "version": "1.3.6",
      "resolved": "https://registry.npmjs.org/make-error/-/make-error-1.3.6.tgz",
      "integrity": "sha512-s8UhlNe7vPKomQhC1qFelMokr/Sc3AgNbso3n74mVPA5LTZwkB9NlXf4XPamLxJE8h0gh73rM94xvwRT2CVInw==",
      "dev": true
    },
    "minimatch": {
      "version": "3.0.4",
      "resolved": "https://registry.npmjs.org/minimatch/-/minimatch-3.0.4.tgz",
      "integrity": "sha512-yJHVQEhyqPLUTgt9B83PXu6W3rx4MvvHvSUvToogpwoGDOUQ+yDrR0HRot+yOCdCO7u4hX3pWft6kWBBcqh0UA==",
      "dev": true,
      "requires": {
        "brace-expansion": "^1.1.7"
      }
    },
    "minimist": {
      "version": "1.2.5",
      "resolved": "https://registry.npmjs.org/minimist/-/minimist-1.2.5.tgz",
      "integrity": "sha512-FM9nNUYrRBAELZQT3xeZQ7fmMOBg6nWNmJKTcgsJeaLstP/UODVpGsr5OhXhhXg6f+qtJ8uiZ+PUxkDWcgIXLw==",
      "dev": true
    },
    "mkdirp": {
      "version": "0.5.5",
      "resolved": "https://registry.npmjs.org/mkdirp/-/mkdirp-0.5.5.tgz",
      "integrity": "sha512-NKmAlESf6jMGym1++R0Ra7wvhV+wFW63FaSOFPwRahvea0gMUcGUhVeAg/0BC0wiv9ih5NYPB1Wn1UEI1/L+xQ==",
      "dev": true,
      "requires": {
        "minimist": "^1.2.5"
      }
    },
    "neo-async": {
      "version": "2.6.2",
      "resolved": "https://registry.npmjs.org/neo-async/-/neo-async-2.6.2.tgz",
      "integrity": "sha512-Yd3UES5mWCSqR+qNT93S3UoYUkqAZ9lLg8a7g9rimsWmYGK8cVToA4/sF3RrshdyV3sAGMXVUmpMYOw+dLpOuw==",
      "dev": true
    },
    "ng-openapi-gen": {
      "version": "0.14.0",
      "resolved": "https://registry.npmjs.org/ng-openapi-gen/-/ng-openapi-gen-0.14.0.tgz",
      "integrity": "sha512-wPK5XxvqxKamJ4hk70NHGi4ijLoDQdlKrgfuE+Zt196BgS2LYIOV0m9FWv1FcYGLhi0o8fl34Ag8kb5butFTqg==",
      "dev": true,
      "requires": {
        "@loopback/openapi-v3-types": "^1.2.1",
        "@types/argparse": "^1.0.38",
        "@types/fs-extra": "^8.1.1",
        "@types/jsesc": "^0.4.29",
        "@types/json-schema": "^7.0.6",
        "@types/lodash": "^4.14.165",
        "@types/mkdirp": "^0.5.2",
        "@types/node": "^12.19.7",
        "@types/rimraf": "^2.0.4",
        "argparse": "^1.0.10",
        "eol": "^0.9.1",
        "esm": "^3.2.25",
        "fs-extra": "^8.1.0",
        "handlebars": "^4.7.6",
        "jsesc": "^2.5.2",
        "json-schema": "^0.2.5",
        "json-schema-ref-parser": "^7.1.4",
        "lodash": "^4.17.20",
        "mkdirp": "^0.5.5",
        "rimraf": "^2.7.1",
        "ts-node": "^8.10.2",
        "typescript": "^3.9.7"
      }
    },
    "ng-table-virtual-scroll": {
      "version": "1.3.4",
      "resolved": "https://registry.npmjs.org/ng-table-virtual-scroll/-/ng-table-virtual-scroll-1.3.4.tgz",
      "integrity": "sha512-bOB/3FX0w3AYsRu5iyYl0Kp0GfW0Cwa5G6AkC7xR4tMq3V22JRld1HB+bYhutzw28WFJgSxaQ5EMDit0YVDAAQ==",
      "requires": {
        "tslib": "^1.10.0"
      },
      "dependencies": {
        "tslib": {
          "version": "1.14.1",
          "resolved": "https://registry.npmjs.org/tslib/-/tslib-1.14.1.tgz",
          "integrity": "sha512-Xni35NKzjgMrwevysHTCArtLDpPvye8zV/0E4EyYn43P7/7qvQwPh9BGkHewbMulVntbigmcT7rdX3BNo9wRJg=="
        }
      }
    },
    "once": {
      "version": "1.4.0",
      "resolved": "https://registry.npmjs.org/once/-/once-1.4.0.tgz",
      "integrity": "sha1-WDsap3WWHUsROsF9nFC6753Xa9E=",
      "dev": true,
      "requires": {
        "wrappy": "1"
      }
    },
    "ono": {
      "version": "6.0.1",
      "resolved": "https://registry.npmjs.org/ono/-/ono-6.0.1.tgz",
      "integrity": "sha512-5rdYW/106kHqLeG22GE2MHKq+FlsxMERZev9DCzQX1zwkxnFwBivSn5i17a5O/rDmOJOdf4Wyt80UZljzx9+DA==",
      "dev": true
    },
    "openapi3-ts": {
      "version": "1.4.0",
      "resolved": "https://registry.npmjs.org/openapi3-ts/-/openapi3-ts-1.4.0.tgz",
      "integrity": "sha512-8DmE2oKayvSkIR3XSZ4+pRliBsx19bSNeIzkTPswY8r4wvjX86bMxsORdqwAwMxE8PefOcSAT2auvi/0TZe9yA==",
      "dev": true
    },
    "parse5": {
      "version": "5.1.1",
      "resolved": "https://registry.npmjs.org/parse5/-/parse5-5.1.1.tgz",
      "integrity": "sha512-ugq4DFI0Ptb+WWjAdOK16+u/nHfiIrcE+sh8kZMaM0WllQKLI9rOUq6c2b7cwPkXdzfQESqvoqK6ug7U/Yyzug==",
      "optional": true
    },
    "path-is-absolute": {
      "version": "1.0.1",
      "resolved": "https://registry.npmjs.org/path-is-absolute/-/path-is-absolute-1.0.1.tgz",
      "integrity": "sha1-F0uSaHNVNP+8es5r9TpanhtcX18=",
      "dev": true
    },
    "punycode": {
      "version": "2.1.1",
      "resolved": "https://registry.npmjs.org/punycode/-/punycode-2.1.1.tgz",
      "integrity": "sha512-XRsRjdf+j5ml+y/6GKHPZbrF/8p2Yga0JPtdqTIY2Xe5ohJPD9saDJJLPvp9+NSBprVvevdXZybnj2cv8OEd0A=="
    },
    "require-from-string": {
      "version": "2.0.2",
      "resolved": "https://registry.npmjs.org/require-from-string/-/require-from-string-2.0.2.tgz",
      "integrity": "sha512-Xf0nWe6RseziFMu+Ap9biiUbmplq6S9/p+7w7YXP/JBHhrUDDUhwa+vANyubuqfZWTveU//DYVGsDG7RKL/vEw=="
    },
    "rimraf": {
      "version": "2.7.1",
      "resolved": "https://registry.npmjs.org/rimraf/-/rimraf-2.7.1.tgz",
      "integrity": "sha512-uWjbaKIK3T1OSVptzX7Nl6PvQ3qAGtKEtVRjRuazjfL3Bx5eI409VZSqgND+4UNnmzLVdPj9FqFJNPqBZFve4w==",
      "dev": true,
      "requires": {
        "glob": "^7.1.3"
      }
    },
    "source-map": {
      "version": "0.6.1",
      "resolved": "https://registry.npmjs.org/source-map/-/source-map-0.6.1.tgz",
      "integrity": "sha512-UjgapumWlbMhkBgzT7Ykc5YXUT46F0iKu8SGXq0bcwP5dz/h0Plj6enJqjz1Zbq2l5WaqYnrVbwWOWMyF3F47g==",
      "dev": true
    },
    "source-map-support": {
      "version": "0.5.19",
      "resolved": "https://registry.npmjs.org/source-map-support/-/source-map-support-0.5.19.tgz",
      "integrity": "sha512-Wonm7zOCIJzBGQdB+thsPar0kYuCIzYvxZwlBa87yi/Mdjv7Tip2cyVbLj5o0cFPN4EVkuTwb3GDDyUx2DGnGw==",
      "dev": true,
      "requires": {
        "buffer-from": "^1.0.0",
        "source-map": "^0.6.0"
      }
    },
    "sprintf-js": {
      "version": "1.0.3",
      "resolved": "https://registry.npmjs.org/sprintf-js/-/sprintf-js-1.0.3.tgz",
      "integrity": "sha1-BOaSb2YolTVPPdAVIDYzuFcpfiw=",
      "dev": true
    },
    "ts-node": {
      "version": "8.10.2",
      "resolved": "https://registry.npmjs.org/ts-node/-/ts-node-8.10.2.tgz",
      "integrity": "sha512-ISJJGgkIpDdBhWVu3jufsWpK3Rzo7bdiIXJjQc0ynKxVOVcg2oIrf2H2cejminGrptVc6q6/uynAHNCuWGbpVA==",
      "dev": true,
      "requires": {
        "arg": "^4.1.0",
        "diff": "^4.0.1",
        "make-error": "^1.1.1",
        "source-map-support": "^0.5.17",
        "yn": "3.1.1"
      }
    },
    "tslib": {
      "version": "2.1.0",
      "resolved": "https://registry.npmjs.org/tslib/-/tslib-2.1.0.tgz",
      "integrity": "sha512-hcVC3wYEziELGGmEEXue7D75zbwIIVUMWAVbHItGPx0ziyXxrOMQx4rQEVEV45Ut/1IotuEvwqPopzIOkDMf0A=="
    },
    "typescript": {
      "version": "3.9.7",
      "resolved": "https://registry.npmjs.org/typescript/-/typescript-3.9.7.tgz",
      "integrity": "sha512-BLbiRkiBzAwsjut4x/dsibSTB6yWpwT5qWmC2OfuCg3GgVQCSgMs4vEctYPhsaGtd0AeuuHMkjZ2h2WG8MSzRw==",
      "dev": true
    },
    "uglify-js": {
      "version": "3.12.5",
      "resolved": "https://registry.npmjs.org/uglify-js/-/uglify-js-3.12.5.tgz",
      "integrity": "sha512-SgpgScL4T7Hj/w/GexjnBHi3Ien9WS1Rpfg5y91WXMj9SY997ZCQU76mH4TpLwwfmMvoOU8wiaRkIf6NaH3mtg==",
      "dev": true,
      "optional": true
    },
    "universalify": {
      "version": "0.1.2",
      "resolved": "https://registry.npmjs.org/universalify/-/universalify-0.1.2.tgz",
      "integrity": "sha512-rBJeI5CXAlmy1pV+617WB9J63U6XcazHHF2f2dbJix4XzpUF0RS3Zbj0FGIOCAva5P/d/GBOYaACQ1w+0azUkg==",
      "dev": true
    },
    "uri-js": {
      "version": "4.4.1",
      "resolved": "https://registry.npmjs.org/uri-js/-/uri-js-4.4.1.tgz",
      "integrity": "sha512-7rKUyy33Q1yc98pQ1DAmLtwX109F7TIfWlW1Ydo8Wl1ii1SeHieeh0HHfPeL2fMXK6z0s8ecKs9frCuLJvndBg==",
      "requires": {
        "punycode": "^2.1.0"
      }
    },
    "wordwrap": {
      "version": "1.0.0",
      "resolved": "https://registry.npmjs.org/wordwrap/-/wordwrap-1.0.0.tgz",
      "integrity": "sha1-J1hIEIkUVqQXHI0CJkQa3pDLyus=",
      "dev": true
    },
    "wrappy": {
      "version": "1.0.2",
      "resolved": "https://registry.npmjs.org/wrappy/-/wrappy-1.0.2.tgz",
      "integrity": "sha1-tSQ9jz7BqjXxNkYFvA0QNuMKtp8=",
      "dev": true
    },
    "yn": {
      "version": "3.1.1",
      "resolved": "https://registry.npmjs.org/yn/-/yn-3.1.1.tgz",
      "integrity": "sha512-Ux4ygGWsu2c7isFWe8Yu1YluJmqVhxqK2cLXNQA5AcC3QfbGNpM7fu0Y8b/z16pXLnFxZYvWhd3fhBY9DLmC6Q==",
      "dev": true
    }
  }
}
